{
  "name": "printer",
  "version": "1.0.0",
  "lockfileVersion": 1,
  "requires": true,
  "dependencies": {
    "qz-tray": {
      "version": "2.1.2",
      "resolved": "https://registry.npmjs.org/qz-tray/-/qz-tray-2.1.2.tgz",
      "integrity": "sha512-ECUA+5eNw7V3PbRTVQivTWcfLV/J7qO8ty4hzFflfXE/1uolCMCHNw+7ojjG4FDxdqbAAt7ZAsEmpjYgVOPaRw=="
    },
    "ws": {
      "version": "7.4.3",
      "resolved": "https://registry.npmjs.org/ws/-/ws-7.4.3.tgz",
      "integrity": "sha512-hr6vCR76GsossIRsr8OLR9acVVm1jyfEWvhbNjtgPOrfvAlKzvyeg/P6r8RuDjRyrcQoPQT7K0DGEPc7Ae6jzA=="
    }
  }
}
